
Microsoft Visual Studio Solution File, Format Version 12.00
# Visual Studio Version 16
VisualStudioVersion = 16.0.30114.105
MinimumVisualStudioVersion = 10.0.40219.1
Project("{2150E333-8FDC-42A3-9474-1A3956D46DE8}") = "src", "src", "{3292F8F9-1921-49C3-968F-D9BBDAED1AAB}"
EndProject
Project("{FAE04EC0-301F-11D3-BF4B-00C04F79EFBC}") = "asp_aco.ConsoleApp", "src\asp_aco.ConsoleApp\asp_aco.ConsoleApp.csproj", "{8A3E4021-5D52-4F66-8925-604DBC68A12A}"
EndProject
Global
	GlobalSection(SolutionConfigurationPlatforms) = preSolution
		Debug|Any CPU = Debug|Any CPU
		Release|Any CPU = Release|Any CPU
	EndGlobalSection
	GlobalSection(SolutionProperties) = preSolution
		HideSolutionNode = FALSE
	EndGlobalSection
	GlobalSection(ProjectConfigurationPlatforms) = postSolution
		{8A3E4021-5D52-4F66-8925-604DBC68A12A}.Debug|Any CPU.ActiveCfg = Debug|Any CPU
		{8A3E4021-5D52-4F66-8925-604DBC68A12A}.Debug|Any CPU.Build.0 = Debug|Any CPU
		{8A3E4021-5D52-4F66-8925-604DBC68A12A}.Release|Any CPU.ActiveCfg = Release|Any CPU
		{8A3E4021-5D52-4F66-8925-604DBC68A12A}.Release|Any CPU.Build.0 = Release|Any CPU
	EndGlobalSection
	GlobalSection(NestedProjects) = preSolution
		{8A3E4021-5D52-4F66-8925-604DBC68A12A} = {3292F8F9-1921-49C3-968F-D9BBDAED1AAB}
	EndGlobalSection
EndGlobal
